// !$*UTF8*$!
{
	archiveVersion = 1;
	classes = {
	};
	objectVersion = 46;
	objects = {

/* Begin PBXBuildFile section */
		570109E71CA06682007C6CFF /* AppDelegate.swift in Sources */ = {isa = PBXBuildFile; fileRef = 570109E61CA06682007C6CFF /* AppDelegate.swift */; };
		570109E91CA06682007C6CFF /* ViewController.swift in Sources */ = {isa = PBXBuildFile; fileRef = 570109E81CA06682007C6CFF /* ViewController.swift */; };
		570109EC1CA06682007C6CFF /* Main.storyboard in Resources */ = {isa = PBXBuildFile; fileRef = 570109EA1CA06682007C6CFF /* Main.storyboard */; };
		570109EF1CA06682007C6CFF /* productWikieHere.xcdatamodeld in Sources */ = {isa = PBXBuildFile; fileRef = 570109ED1CA06682007C6CFF /* productWikieHere.xcdatamodeld */; };
		570109F11CA06682007C6CFF /* Assets.xcassets in Resources */ = {isa = PBXBuildFile; fileRef = 570109F01CA06682007C6CFF /* Assets.xcassets */; };
		570109F41CA06682007C6CFF /* LaunchScreen.storyboard in Resources */ = {isa = PBXBuildFile; fileRef = 570109F21CA06682007C6CFF /* LaunchScreen.storyboard */; };
		57010A191CA073CC007C6CFF /* ControllerOfList.swift in Sources */ = {isa = PBXBuildFile; fileRef = 57010A181CA073CC007C6CFF /* ControllerOfList.swift */; };
		57010A1D1CA073DB007C6CFF /* ControllerOfMap.swift in Sources */ = {isa = PBXBuildFile; fileRef = 57010A1C1CA073DB007C6CFF /* ControllerOfMap.swift */; };
		57010A211CA07850007C6CFF /* ControllerOfPages.swift in Sources */ = {isa = PBXBuildFile; fileRef = 57010A201CA07850007C6CFF /* ControllerOfPages.swift */; };
		57010A251CA088D7007C6CFF /* Data.swift in Sources */ = {isa = PBXBuildFile; fileRef = 57010A241CA088D7007C6CFF /* Data.swift */; };
		57010A291CA0D4F6007C6CFF /* Source.swift in Sources */ = {isa = PBXBuildFile; fileRef = 57010A281CA0D4F6007C6CFF /* Source.swift */; };
		571EF1751EFA994E0067482A /* TGF.framework in Frameworks */ = {isa = PBXBuildFile; fileRef = 57A0DCA21EFA8BBA0098A223 /* TGF.framework */; };
		571EF17F1EFA9E450067482A /* AlamofireImage.framework in Frameworks */ = {isa = PBXBuildFile; fileRef = 571EF17C1EFA9E450067482A /* AlamofireImage.framework */; };
		571EF1801EFA9E450067482A /* SwiftyJSON.framework in Frameworks */ = {isa = PBXBuildFile; fileRef = 571EF17D1EFA9E450067482A /* SwiftyJSON.framework */; };
		57523B1B1CA57C8C00B717BA /* ControllerOfSettings.swift in Sources */ = {isa = PBXBuildFile; fileRef = 57523B1A1CA57C8C00B717BA /* ControllerOfSettings.swift */; };
		57523B231CA58D1900B717BA /* ControllerOfBackgroundTheme.swift in Sources */ = {isa = PBXBuildFile; fileRef = 57523B221CA58D1900B717BA /* ControllerOfBackgroundTheme.swift */; };
		579D4E791EFAC8EB0011539F /* Alamofire.framework in Frameworks */ = {isa = PBXBuildFile; fileRef = 571EF17B1EFA9E450067482A /* Alamofire.framework */; };
		579D4E7A1EFAC8EB0011539F /* Alamofire.framework in Embed Frameworks */ = {isa = PBXBuildFile; fileRef = 571EF17B1EFA9E450067482A /* Alamofire.framework */; settings = {ATTRIBUTES = (CodeSignOnCopy, RemoveHeadersOnCopy, ); }; };
		579D4E7C1EFAC8EB0011539F /* AlamofireImage.framework in Embed Frameworks */ = {isa = PBXBuildFile; fileRef = 571EF17C1EFA9E450067482A /* AlamofireImage.framework */; settings = {ATTRIBUTES = (CodeSignOnCopy, RemoveHeadersOnCopy, ); }; };
		579D4E7E1EFAC8EB0011539F /* SwiftyJSON.framework in Embed Frameworks */ = {isa = PBXBuildFile; fileRef = 571EF17D1EFA9E450067482A /* SwiftyJSON.framework */; settings = {ATTRIBUTES = (CodeSignOnCopy, RemoveHeadersOnCopy, ); }; };
		57A0DCAB1EFA8BD30098A223 /* GenericControllerOfList.swift in Sources */ = {isa = PBXBuildFile; fileRef = 57A0DCA71EFA8BD30098A223 /* GenericControllerOfList.swift */; };
		57A0DCAC1EFA8BD30098A223 /* GenericControllerOfPickerOfColor.swift in Sources */ = {isa = PBXBuildFile; fileRef = 57A0DCA81EFA8BD30098A223 /* GenericControllerOfPickerOfColor.swift */; };
		57A0DCAD1EFA8BD30098A223 /* GenericControllerOfPickerOfFont.swift in Sources */ = {isa = PBXBuildFile; fileRef = 57A0DCA91EFA8BD30098A223 /* GenericControllerOfPickerOfFont.swift */; };
		57A0DCAE1EFA8BD30098A223 /* GenericControllerOfSettings.swift in Sources */ = {isa = PBXBuildFile; fileRef = 57A0DCAA1EFA8BD30098A223 /* GenericControllerOfSettings.swift */; };
		57CA75411CA3ABCB00A51C43 /* ControllerOfWebView.swift in Sources */ = {isa = PBXBuildFile; fileRef = 57CA75401CA3ABCB00A51C43 /* ControllerOfWebView.swift */; };
/* End PBXBuildFile section */

/* Begin PBXContainerItemProxy section */
		571EF1701EFA99490067482A /* PBXContainerItemProxy */ = {
			isa = PBXContainerItemProxy;
			containerPortal = 57A0DC9B1EFA8BB90098A223 /* TGF.xcodeproj */;
			proxyType = 1;
			remoteGlobalIDString = 5779AEED1CFB4B40006F8E4D;
			remoteInfo = TGF;
		};
		57A0DCA11EFA8BBA0098A223 /* PBXContainerItemProxy */ = {
			isa = PBXContainerItemProxy;
			containerPortal = 57A0DC9B1EFA8BB90098A223 /* TGF.xcodeproj */;
			proxyType = 2;
			remoteGlobalIDString = 5779AEEE1CFB4B40006F8E4D;
			remoteInfo = TGF;
		};
		57A0DCA31EFA8BBA0098A223 /* PBXContainerItemProxy */ = {
			isa = PBXContainerItemProxy;
			containerPortal = 57A0DC9B1EFA8BB90098A223 /* TGF.xcodeproj */;
			proxyType = 2;
			remoteGlobalIDString = 5779AEF81CFB4B41006F8E4D;
			remoteInfo = TGFTests;
		};
		57A0DCA51EFA8BBA0098A223 /* PBXContainerItemProxy */ = {
			isa = PBXContainerItemProxy;
			containerPortal = 57A0DC9B1EFA8BB90098A223 /* TGF.xcodeproj */;
			proxyType = 2;
			remoteGlobalIDString = 5766D37B1EBA1C58002BA898;
			remoteInfo = UIViewShowcase;
		};
/* End PBXContainerItemProxy section */

/* Begin PBXCopyFilesBuildPhase section */
		579D4E811EFAC8EB0011539F /* Embed Frameworks */ = {
			isa = PBXCopyFilesBuildPhase;
			buildActionMask = 2147483647;
			dstPath = "";
			dstSubfolderSpec = 10;
			files = (
				579D4E7A1EFAC8EB0011539F /* Alamofire.framework in Embed Frameworks */,
				579D4E7C1EFAC8EB0011539F /* AlamofireImage.framework in Embed Frameworks */,
				579D4E7E1EFAC8EB0011539F /* SwiftyJSON.framework in Embed Frameworks */,
			);
			name = "Embed Frameworks";
			runOnlyForDeploymentPostprocessing = 0;
		};
/* End PBXCopyFilesBuildPhase section */

/* Begin PBXFileReference section */
		570109E31CA06682007C6CFF /* Wiki Near Me.app */ = {isa = PBXFileReference; explicitFileType = wrapper.application; includeInIndex = 0; path = "Wiki Near Me.app"; sourceTree = BUILT_PRODUCTS_DIR; };
		570109E61CA06682007C6CFF /* AppDelegate.swift */ = {isa = PBXFileReference; lastKnownFileType = sourcecode.swift; path = AppDelegate.swift; sourceTree = "<group>"; };
		570109E81CA06682007C6CFF /* ViewController.swift */ = {isa = PBXFileReference; lastKnownFileType = sourcecode.swift; path = ViewController.swift; sourceTree = "<group>"; };
		570109EB1CA06682007C6CFF /* Base */ = {isa = PBXFileReference; lastKnownFileType = file.storyboard; name = Base; path = Base.lproj/Main.storyboard; sourceTree = "<group>"; };
		570109EE1CA06682007C6CFF /* productWikieHere.xcdatamodel */ = {isa = PBXFileReference; lastKnownFileType = wrapper.xcdatamodel; path = productWikieHere.xcdatamodel; sourceTree = "<group>"; };
		570109F01CA06682007C6CFF /* Assets.xcassets */ = {isa = PBXFileReference; lastKnownFileType = folder.assetcatalog; path = Assets.xcassets; sourceTree = "<group>"; };
		570109F31CA06682007C6CFF /* Base */ = {isa = PBXFileReference; lastKnownFileType = file.storyboard; name = Base; path = Base.lproj/LaunchScreen.storyboard; sourceTree = "<group>"; };
		570109F51CA06682007C6CFF /* Info.plist */ = {isa = PBXFileReference; lastKnownFileType = text.plist.xml; path = Info.plist; sourceTree = "<group>"; };
		570109FE1CA06682007C6CFF /* productWikieHereTests.swift */ = {isa = PBXFileReference; lastKnownFileType = sourcecode.swift; path = productWikieHereTests.swift; sourceTree = "<group>"; };
		57010A001CA06682007C6CFF /* Info.plist */ = {isa = PBXFileReference; lastKnownFileType = text.plist.xml; path = Info.plist; sourceTree = "<group>"; };
		57010A091CA06682007C6CFF /* productWikieHereUITests.swift */ = {isa = PBXFileReference; lastKnownFileType = sourcecode.swift; path = productWikieHereUITests.swift; sourceTree = "<group>"; };
		57010A0B1CA06682007C6CFF /* Info.plist */ = {isa = PBXFileReference; lastKnownFileType = text.plist.xml; path = Info.plist; sourceTree = "<group>"; };
		57010A181CA073CC007C6CFF /* ControllerOfList.swift */ = {isa = PBXFileReference; fileEncoding = 4; lastKnownFileType = sourcecode.swift; path = ControllerOfList.swift; sourceTree = "<group>"; };
		57010A1C1CA073DB007C6CFF /* ControllerOfMap.swift */ = {isa = PBXFileReference; fileEncoding = 4; lastKnownFileType = sourcecode.swift; path = ControllerOfMap.swift; sourceTree = "<group>"; };
		57010A201CA07850007C6CFF /* ControllerOfPages.swift */ = {isa = PBXFileReference; fileEncoding = 4; lastKnownFileType = sourcecode.swift; path = ControllerOfPages.swift; sourceTree = "<group>"; };
		57010A241CA088D7007C6CFF /* Data.swift */ = {isa = PBXFileReference; fileEncoding = 4; lastKnownFileType = sourcecode.swift; path = Data.swift; sourceTree = "<group>"; };
		57010A281CA0D4F6007C6CFF /* Source.swift */ = {isa = PBXFileReference; fileEncoding = 4; lastKnownFileType = sourcecode.swift; path = Source.swift; sourceTree = "<group>"; };
		571EF1791EFA9AEA0067482A /* Cartfile */ = {isa = PBXFileReference; fileEncoding = 4; lastKnownFileType = text; path = Cartfile; sourceTree = "<group>"; };
		571EF17B1EFA9E450067482A /* Alamofire.framework */ = {isa = PBXFileReference; lastKnownFileType = wrapper.framework; name = Alamofire.framework; path = Carthage/Build/iOS/Alamofire.framework; sourceTree = "<group>"; };
		571EF17C1EFA9E450067482A /* AlamofireImage.framework */ = {isa = PBXFileReference; lastKnownFileType = wrapper.framework; name = AlamofireImage.framework; path = Carthage/Build/iOS/AlamofireImage.framework; sourceTree = "<group>"; };
		571EF17D1EFA9E450067482A /* SwiftyJSON.framework */ = {isa = PBXFileReference; lastKnownFileType = wrapper.framework; name = SwiftyJSON.framework; path = Carthage/Build/iOS/SwiftyJSON.framework; sourceTree = "<group>"; };
		57523B1A1CA57C8C00B717BA /* ControllerOfSettings.swift */ = {isa = PBXFileReference; fileEncoding = 4; lastKnownFileType = sourcecode.swift; path = ControllerOfSettings.swift; sourceTree = "<group>"; };
		57523B221CA58D1900B717BA /* ControllerOfBackgroundTheme.swift */ = {isa = PBXFileReference; fileEncoding = 4; lastKnownFileType = sourcecode.swift; path = ControllerOfBackgroundTheme.swift; sourceTree = "<group>"; };
		57A0DC9B1EFA8BB90098A223 /* TGF.xcodeproj */ = {isa = PBXFileReference; lastKnownFileType = "wrapper.pb-project"; name = TGF.xcodeproj; path = ../TGF/TGF/TGF.xcodeproj; sourceTree = "<group>"; };
		57A0DCA71EFA8BD30098A223 /* GenericControllerOfList.swift */ = {isa = PBXFileReference; fileEncoding = 4; lastKnownFileType = sourcecode.swift; name = GenericControllerOfList.swift; path = ../../TGF/GenericControllerOfList.swift; sourceTree = "<group>"; };
		57A0DCA81EFA8BD30098A223 /* GenericControllerOfPickerOfColor.swift */ = {isa = PBXFileReference; fileEncoding = 4; lastKnownFileType = sourcecode.swift; name = GenericControllerOfPickerOfColor.swift; path = ../../TGF/GenericControllerOfPickerOfColor.swift; sourceTree = "<group>"; };
		57A0DCA91EFA8BD30098A223 /* GenericControllerOfPickerOfFont.swift */ = {isa = PBXFileReference; fileEncoding = 4; lastKnownFileType = sourcecode.swift; name = GenericControllerOfPickerOfFont.swift; path = ../../TGF/GenericControllerOfPickerOfFont.swift; sourceTree = "<group>"; };
		57A0DCAA1EFA8BD30098A223 /* GenericControllerOfSettings.swift */ = {isa = PBXFileReference; fileEncoding = 4; lastKnownFileType = sourcecode.swift; name = GenericControllerOfSettings.swift; path = ../../TGF/GenericControllerOfSettings.swift; sourceTree = "<group>"; };
		57CA75401CA3ABCB00A51C43 /* ControllerOfWebView.swift */ = {isa = PBXFileReference; fileEncoding = 4; lastKnownFileType = sourcecode.swift; path = ControllerOfWebView.swift; sourceTree = "<group>"; };
		93920AAC3FC4E9D139465942 /* Pods.framework */ = {isa = PBXFileReference; explicitFileType = wrapper.framework; includeInIndex = 0; path = Pods.framework; sourceTree = BUILT_PRODUCTS_DIR; };
/* End PBXFileReference section */

/* Begin PBXFrameworksBuildPhase section */
		570109E01CA06682007C6CFF /* Frameworks */ = {
			isa = PBXFrameworksBuildPhase;
			buildActionMask = 2147483647;
			files = (
				579D4E791EFAC8EB0011539F /* Alamofire.framework in Frameworks */,
				571EF17F1EFA9E450067482A /* AlamofireImage.framework in Frameworks */,
				571EF1801EFA9E450067482A /* SwiftyJSON.framework in Frameworks */,
				571EF1751EFA994E0067482A /* TGF.framework in Frameworks */,
			);
			runOnlyForDeploymentPostprocessing = 0;
		};
/* End PBXFrameworksBuildPhase section */

/* Begin PBXGroup section */
		570109DA1CA06682007C6CFF = {
			isa = PBXGroup;
			children = (
				571EF17B1EFA9E450067482A /* Alamofire.framework */,
				571EF17C1EFA9E450067482A /* AlamofireImage.framework */,
				571EF17D1EFA9E450067482A /* SwiftyJSON.framework */,
				57A0DC9B1EFA8BB90098A223 /* TGF.xcodeproj */,
				571EF1791EFA9AEA0067482A /* Cartfile */,
				570109E51CA06682007C6CFF /* productWikieHere */,
				570109FD1CA06682007C6CFF /* productWikieHereTests */,
				57010A081CA06682007C6CFF /* productWikieHereUITests */,
				570109E41CA06682007C6CFF /* Products */,
				876937EAEE4C817BA50FADD2 /* Frameworks */,
			);
			sourceTree = "<group>";
		};
		570109E41CA06682007C6CFF /* Products */ = {
			isa = PBXGroup;
			children = (
				570109E31CA06682007C6CFF /* Wiki Near Me.app */,
			);
			name = Products;
			sourceTree = "<group>";
		};
		570109E51CA06682007C6CFF /* productWikieHere */ = {
			isa = PBXGroup;
			children = (
				57A0DCAF1EFA8BEB0098A223 /* Generic */,
				570109F51CA06682007C6CFF /* Info.plist */,
				570109E61CA06682007C6CFF /* AppDelegate.swift */,
				57523B221CA58D1900B717BA /* ControllerOfBackgroundTheme.swift */,
				57010A181CA073CC007C6CFF /* ControllerOfList.swift */,
				57010A1C1CA073DB007C6CFF /* ControllerOfMap.swift */,
				57010A201CA07850007C6CFF /* ControllerOfPages.swift */,
				57523B1A1CA57C8C00B717BA /* ControllerOfSettings.swift */,
				57CA75401CA3ABCB00A51C43 /* ControllerOfWebView.swift */,
				57010A241CA088D7007C6CFF /* Data.swift */,
				57010A281CA0D4F6007C6CFF /* Source.swift */,
				570109E81CA06682007C6CFF /* ViewController.swift */,
				570109F01CA06682007C6CFF /* Assets.xcassets */,
				570109F21CA06682007C6CFF /* LaunchScreen.storyboard */,
				570109EA1CA06682007C6CFF /* Main.storyboard */,
				570109ED1CA06682007C6CFF /* productWikieHere.xcdatamodeld */,
			);
			path = productWikieHere;
			sourceTree = "<group>";
		};
		570109FD1CA06682007C6CFF /* productWikieHereTests */ = {
			isa = PBXGroup;
			children = (
				570109FE1CA06682007C6CFF /* productWikieHereTests.swift */,
				57010A001CA06682007C6CFF /* Info.plist */,
			);
			path = productWikieHereTests;
			sourceTree = "<group>";
		};
		57010A081CA06682007C6CFF /* productWikieHereUITests */ = {
			isa = PBXGroup;
			children = (
				57010A091CA06682007C6CFF /* productWikieHereUITests.swift */,
				57010A0B1CA06682007C6CFF /* Info.plist */,
			);
			path = productWikieHereUITests;
			sourceTree = "<group>";
		};
		57A0DC9C1EFA8BB90098A223 /* Products */ = {
			isa = PBXGroup;
			children = (
				57A0DCA21EFA8BBA0098A223 /* TGF.framework */,
				57A0DCA41EFA8BBA0098A223 /* TGFTests.xctest */,
				57A0DCA61EFA8BBA0098A223 /* UIViewShowcase.app */,
			);
			name = Products;
			sourceTree = "<group>";
		};
		57A0DCAF1EFA8BEB0098A223 /* Generic */ = {
			isa = PBXGroup;
			children = (
				57A0DCA71EFA8BD30098A223 /* GenericControllerOfList.swift */,
				57A0DCA81EFA8BD30098A223 /* GenericControllerOfPickerOfColor.swift */,
				57A0DCA91EFA8BD30098A223 /* GenericControllerOfPickerOfFont.swift */,
				57A0DCAA1EFA8BD30098A223 /* GenericControllerOfSettings.swift */,
			);
			name = Generic;
			sourceTree = "<group>";
		};
		876937EAEE4C817BA50FADD2 /* Frameworks */ = {
			isa = PBXGroup;
			children = (
				93920AAC3FC4E9D139465942 /* Pods.framework */,
			);
			name = Frameworks;
			sourceTree = "<group>";
		};
/* End PBXGroup section */

/* Begin PBXNativeTarget section */
		570109E21CA06682007C6CFF /* productWikieHere */ = {
			isa = PBXNativeTarget;
			buildConfigurationList = 57010A0E1CA06682007C6CFF /* Build configuration list for PBXNativeTarget "productWikieHere" */;
			buildPhases = (
				570109DF1CA06682007C6CFF /* Sources */,
				570109E01CA06682007C6CFF /* Frameworks */,
				570109E11CA06682007C6CFF /* Resources */,
				579D4E811EFAC8EB0011539F /* Embed Frameworks */,
			);
			buildRules = (
			);
			dependencies = (
				571EF1711EFA99490067482A /* PBXTargetDependency */,
			);
			name = productWikieHere;
			productName = productWikieHere;
			productReference = 570109E31CA06682007C6CFF /* Wiki Near Me.app */;
			productType = "com.apple.product-type.application";
		};
/* End PBXNativeTarget section */

/* Begin PBXProject section */
		570109DB1CA06682007C6CFF /* Project object */ = {
			isa = PBXProject;
			attributes = {
				LastUpgradeCheck = 0700;
				ORGANIZATIONNAME = "Tiny Game Factory LLC";
				TargetAttributes = {
					570109E21CA06682007C6CFF = {
						CreatedOnToolsVersion = 7.0;
						DevelopmentTeam = 5AKM62S97F;
						LastSwiftMigration = 0830;
					};
				};
			};
			buildConfigurationList = 570109DE1CA06682007C6CFF /* Build configuration list for PBXProject "productWikieHere" */;
			compatibilityVersion = "Xcode 3.2";
			developmentRegion = English;
			hasScannedForEncodings = 0;
			knownRegions = (
				en,
				Base,
			);
			mainGroup = 570109DA1CA06682007C6CFF;
			productRefGroup = 570109E41CA06682007C6CFF /* Products */;
			projectDirPath = "";
			projectReferences = (
				{
					ProductGroup = 57A0DC9C1EFA8BB90098A223 /* Products */;
					ProjectRef = 57A0DC9B1EFA8BB90098A223 /* TGF.xcodeproj */;
				},
			);
			projectRoot = "";
			targets = (
				570109E21CA06682007C6CFF /* productWikieHere */,
			);
		};
/* End PBXProject section */

/* Begin PBXReferenceProxy section */
		57A0DCA21EFA8BBA0098A223 /* TGF.framework */ = {
			isa = PBXReferenceProxy;
			fileType = wrapper.framework;
			path = TGF.framework;
			remoteRef = 57A0DCA11EFA8BBA0098A223 /* PBXContainerItemProxy */;
			sourceTree = BUILT_PRODUCTS_DIR;
		};
		57A0DCA41EFA8BBA0098A223 /* TGFTests.xctest */ = {
			isa = PBXReferenceProxy;
			fileType = wrapper.cfbundle;
			path = TGFTests.xctest;
			remoteRef = 57A0DCA31EFA8BBA0098A223 /* PBXContainerItemProxy */;
			sourceTree = BUILT_PRODUCTS_DIR;
		};
		57A0DCA61EFA8BBA0098A223 /* UIViewShowcase.app */ = {
			isa = PBXReferenceProxy;
			fileType = wrapper.application;
			path = UIViewShowcase.app;
			remoteRef = 57A0DCA51EFA8BBA0098A223 /* PBXContainerItemProxy */;
			sourceTree = BUILT_PRODUCTS_DIR;
		};
/* End PBXReferenceProxy section */

/* Begin PBXResourcesBuildPhase section */
		570109E11CA06682007C6CFF /* Resources */ = {
			isa = PBXResourcesBuildPhase;
			buildActionMask = 2147483647;
			files = (
				570109F41CA06682007C6CFF /* LaunchScreen.storyboard in Resources */,
				570109F11CA06682007C6CFF /* Assets.xcassets in Resources */,
				570109EC1CA06682007C6CFF /* Main.storyboard in Resources */,
			);
			runOnlyForDeploymentPostprocessing = 0;
		};
/* End PBXResourcesBuildPhase section */

/* Begin PBXSourcesBuildPhase section */
		570109DF1CA06682007C6CFF /* Sources */ = {
			isa = PBXSourcesBuildPhase;
			buildActionMask = 2147483647;
			files = (
				57523B1B1CA57C8C00B717BA /* ControllerOfSettings.swift in Sources */,
				57CA75411CA3ABCB00A51C43 /* ControllerOfWebView.swift in Sources */,
				57010A291CA0D4F6007C6CFF /* Source.swift in Sources */,
				57A0DCAC1EFA8BD30098A223 /* GenericControllerOfPickerOfColor.swift in Sources */,
				57A0DCAD1EFA8BD30098A223 /* GenericControllerOfPickerOfFont.swift in Sources */,
				57A0DCAE1EFA8BD30098A223 /* GenericControllerOfSettings.swift in Sources */,
				57010A251CA088D7007C6CFF /* Data.swift in Sources */,
				570109EF1CA06682007C6CFF /* productWikieHere.xcdatamodeld in Sources */,
				57010A1D1CA073DB007C6CFF /* ControllerOfMap.swift in Sources */,
				57A0DCAB1EFA8BD30098A223 /* GenericControllerOfList.swift in Sources */,
				570109E91CA06682007C6CFF /* ViewController.swift in Sources */,
				57523B231CA58D1900B717BA /* ControllerOfBackgroundTheme.swift in Sources */,
				57010A191CA073CC007C6CFF /* ControllerOfList.swift in Sources */,
				570109E71CA06682007C6CFF /* AppDelegate.swift in Sources */,
				57010A211CA07850007C6CFF /* ControllerOfPages.swift in Sources */,
			);
			runOnlyForDeploymentPostprocessing = 0;
		};
/* End PBXSourcesBuildPhase section */

/* Begin PBXTargetDependency section */
		571EF1711EFA99490067482A /* PBXTargetDependency */ = {
			isa = PBXTargetDependency;
			name = TGF;
			targetProxy = 571EF1701EFA99490067482A /* PBXContainerItemProxy */;
		};
/* End PBXTargetDependency section */

/* Begin PBXVariantGroup section */
		570109EA1CA06682007C6CFF /* Main.storyboard */ = {
			isa = PBXVariantGroup;
			children = (
				570109EB1CA06682007C6CFF /* Base */,
			);
			name = Main.storyboard;
			sourceTree = "<group>";
		};
		570109F21CA06682007C6CFF /* LaunchScreen.storyboard */ = {
			isa = PBXVariantGroup;
			children = (
				570109F31CA06682007C6CFF /* Base */,
			);
			name = LaunchScreen.storyboard;
			sourceTree = "<group>";
		};
/* End PBXVariantGroup section */

/* Begin XCBuildConfiguration section */
		57010A0C1CA06682007C6CFF /* Debug */ = {
			isa = XCBuildConfiguration;
			buildSettings = {
				ALWAYS_SEARCH_USER_PATHS = NO;
				CLANG_CXX_LANGUAGE_STANDARD = "gnu++0x";
				CLANG_CXX_LIBRARY = "libc++";
				CLANG_ENABLE_MODULES = YES;
				CLANG_ENABLE_OBJC_ARC = YES;
				CLANG_WARN_BOOL_CONVERSION = YES;
				CLANG_WARN_CONSTANT_CONVERSION = YES;
				CLANG_WARN_DIRECT_OBJC_ISA_USAGE = YES_ERROR;
				CLANG_WARN_EMPTY_BODY = YES;
				CLANG_WARN_ENUM_CONVERSION = YES;
				CLANG_WARN_INT_CONVERSION = YES;
				CLANG_WARN_OBJC_ROOT_CLASS = YES_ERROR;
				CLANG_WARN_UNREACHABLE_CODE = YES;
				CLANG_WARN__DUPLICATE_METHOD_MATCH = YES;
				"CODE_SIGN_IDENTITY[sdk=iphoneos*]" = "iPhone Developer";
				COPY_PHASE_STRIP = NO;
				DEBUG_INFORMATION_FORMAT = dwarf;
				ENABLE_STRICT_OBJC_MSGSEND = YES;
				ENABLE_TESTABILITY = YES;
				GCC_C_LANGUAGE_STANDARD = gnu99;
				GCC_DYNAMIC_NO_PIC = NO;
				GCC_NO_COMMON_BLOCKS = YES;
				GCC_OPTIMIZATION_LEVEL = 0;
				GCC_PREPROCESSOR_DEFINITIONS = (
					"DEBUG=1",
					"$(inherited)",
				);
				GCC_WARN_64_TO_32_BIT_CONVERSION = YES;
				GCC_WARN_ABOUT_RETURN_TYPE = YES_ERROR;
				GCC_WARN_UNDECLARED_SELECTOR = YES;
				GCC_WARN_UNINITIALIZED_AUTOS = YES_AGGRESSIVE;
				GCC_WARN_UNUSED_FUNCTION = YES;
				GCC_WARN_UNUSED_VARIABLE = YES;
				IPHONEOS_DEPLOYMENT_TARGET = 9.0;
				MTL_ENABLE_DEBUG_INFO = YES;
				ONLY_ACTIVE_ARCH = YES;
				SDKROOT = iphoneos;
				SWIFT_OPTIMIZATION_LEVEL = "-Onone";
			};
			name = Debug;
		};
		57010A0D1CA06682007C6CFF /* Release */ = {
			isa = XCBuildConfiguration;
			buildSettings = {
				ALWAYS_SEARCH_USER_PATHS = NO;
				CLANG_CXX_LANGUAGE_STANDARD = "gnu++0x";
				CLANG_CXX_LIBRARY = "libc++";
				CLANG_ENABLE_MODULES = YES;
				CLANG_ENABLE_OBJC_ARC = YES;
				CLANG_WARN_BOOL_CONVERSION = YES;
				CLANG_WARN_CONSTANT_CONVERSION = YES;
				CLANG_WARN_DIRECT_OBJC_ISA_USAGE = YES_ERROR;
				CLANG_WARN_EMPTY_BODY = YES;
				CLANG_WARN_ENUM_CONVERSION = YES;
				CLANG_WARN_INT_CONVERSION = YES;
				CLANG_WARN_OBJC_ROOT_CLASS = YES_ERROR;
				CLANG_WARN_UNREACHABLE_CODE = YES;
				CLANG_WARN__DUPLICATE_METHOD_MATCH = YES;
				"CODE_SIGN_IDENTITY[sdk=iphoneos*]" = "iPhone Developer";
				COPY_PHASE_STRIP = NO;
				DEBUG_INFORMATION_FORMAT = "dwarf-with-dsym";
				ENABLE_NS_ASSERTIONS = NO;
				ENABLE_STRICT_OBJC_MSGSEND = YES;
				GCC_C_LANGUAGE_STANDARD = gnu99;
				GCC_NO_COMMON_BLOCKS = YES;
				GCC_WARN_64_TO_32_BIT_CONVERSION = YES;
				GCC_WARN_ABOUT_RETURN_TYPE = YES_ERROR;
				GCC_WARN_UNDECLARED_SELECTOR = YES;
				GCC_WARN_UNINITIALIZED_AUTOS = YES_AGGRESSIVE;
				GCC_WARN_UNUSED_FUNCTION = YES;
				GCC_WARN_UNUSED_VARIABLE = YES;
				IPHONEOS_DEPLOYMENT_TARGET = 9.0;
				MTL_ENABLE_DEBUG_INFO = NO;
				SDKROOT = iphoneos;
				VALIDATE_PRODUCT = YES;
			};
			name = Release;
		};
		57010A0F1CA06682007C6CFF /* Debug */ = {
			isa = XCBuildConfiguration;
			buildSettings = {
				ASSETCATALOG_COMPILER_APPICON_NAME = AppIcon;
				ASSETCATALOG_COMPILER_LAUNCHIMAGE_NAME = LaunchImage;
				CODE_SIGN_IDENTITY = "iPhone Developer";
				DEVELOPMENT_TEAM = 5AKM62S97F;
				FRAMEWORK_SEARCH_PATHS = (
					"$(inherited)",
					"$(PROJECT_DIR)/Carthage/Build/iOS",
				);
				INFOPLIST_FILE = productWikieHere/Info.plist;
				IPHONEOS_DEPLOYMENT_TARGET = 10.0;
				LD_RUNPATH_SEARCH_PATHS = "$(inherited) @executable_path/Frameworks";
				PRODUCT_BUNDLE_IDENTIFIER = com.tinygamefactory.wikinear;
				PRODUCT_NAME = "Wiki Near Me";
				SWIFT_VERSION = 3.0;
			};
			name = Debug;
		};
		57010A101CA06682007C6CFF /* Release */ = {
			isa = XCBuildConfiguration;
			buildSettings = {
				ASSETCATALOG_COMPILER_APPICON_NAME = AppIcon;
				ASSETCATALOG_COMPILER_LAUNCHIMAGE_NAME = LaunchImage;
				CODE_SIGN_IDENTITY = "iPhone Developer";
				DEVELOPMENT_TEAM = 5AKM62S97F;
				FRAMEWORK_SEARCH_PATHS = (
					"$(inherited)",
					"$(PROJECT_DIR)/Carthage/Build/iOS",
				);
				INFOPLIST_FILE = productWikieHere/Info.plist;
				IPHONEOS_DEPLOYMENT_TARGET = 10.0;
				LD_RUNPATH_SEARCH_PATHS = "$(inherited) @executable_path/Frameworks";
				PRODUCT_BUNDLE_IDENTIFIER = com.tinygamefactory.wikinear;
				PRODUCT_NAME = "Wiki Near Me";
				SWIFT_VERSION = 3.0;
			};
			name = Release;
		};
/* End XCBuildConfiguration section */

/* Begin XCConfigurationList section */
		570109DE1CA06682007C6CFF /* Build configuration list for PBXProject "productWikieHere" */ = {
			isa = XCConfigurationList;
			buildConfigurations = (
				57010A0C1CA06682007C6CFF /* Debug */,
				57010A0D1CA06682007C6CFF /* Release */,
			);
			defaultConfigurationIsVisible = 0;
			defaultConfigurationName = Release;
		};
		57010A0E1CA06682007C6CFF /* Build configuration list for PBXNativeTarget "productWikieHere" */ = {
			isa = XCConfigurationList;
			buildConfigurations = (
				57010A0F1CA06682007C6CFF /* Debug */,
				57010A101CA06682007C6CFF /* Release */,
			);
			defaultConfigurationIsVisible = 0;
			defaultConfigurationName = Release;
		};
/* End XCConfigurationList section */

/* Begin XCVersionGroup section */
		570109ED1CA06682007C6CFF /* productWikieHere.xcdatamodeld */ = {
			isa = XCVersionGroup;
			children = (
				570109EE1CA06682007C6CFF /* productWikieHere.xcdatamodel */,
			);
			currentVersion = 570109EE1CA06682007C6CFF /* productWikieHere.xcdatamodel */;
			path = productWikieHere.xcdatamodeld;
			sourceTree = "<group>";
			versionGroupType = wrapper.xcdatamodel;
		};
/* End XCVersionGroup section */
	};
	rootObject = 570109DB1CA06682007C6CFF /* Project object */;
}
