// !$*UTF8*$!
{
	archiveVersion = 1;
	classes = {
	};
	objectVersion = 46;
	objects = {

/* Begin PBXBuildFile section */
		570109E71CA06682007C6CFF /* AppDelegate.swift in Sources */ = {isa = PBXBuildFile; fileRef = 570109E61CA06682007C6CFF /* AppDelegate.swift */; };
		570109E91CA06682007C6CFF /* ViewController.swift in Sources */ = {isa = PBXBuildFile; fileRef = 570109E81CA06682007C6CFF /* ViewController.swift */; };
		570109EC1CA06682007C6CFF /* Main.storyboard in Resources */ = {isa = PBXBuildFile; fileRef = 570109EA1CA06682007C6CFF /* Main.storyboard */; };
		570109EF1CA06682007C6CFF /* productWikieHere.xcdatamodeld in Sources */ = {isa = PBXBuildFile; fileRef = 570109ED1CA06682007C6CFF /* productWikieHere.xcdatamodeld */; };
		570109F11CA06682007C6CFF /* Assets.xcassets in Resources */ = {isa = PBXBuildFile; fileRef = 570109F01CA06682007C6CFF /* Assets.xcassets */; };
		570109F41CA06682007C6CFF /* LaunchScreen.storyboard in Resources */ = {isa = PBXBuildFile; fileRef = 570109F21CA06682007C6CFF /* LaunchScreen.storyboard */; };
		570109FF1CA06682007C6CFF /* productWikieHereTests.swift in Sources */ = {isa = PBXBuildFile; fileRef = 570109FE1CA06682007C6CFF /* productWikieHereTests.swift */; };
		57010A0A1CA06682007C6CFF /* productWikieHereUITests.swift in Sources */ = {isa = PBXBuildFile; fileRef = 57010A091CA06682007C6CFF /* productWikieHereUITests.swift */; };
		57010A191CA073CC007C6CFF /* ControllerOfList.swift in Sources */ = {isa = PBXBuildFile; fileRef = 57010A181CA073CC007C6CFF /* ControllerOfList.swift */; };
		57010A1A1CA073CC007C6CFF /* ControllerOfList.swift in Sources */ = {isa = PBXBuildFile; fileRef = 57010A181CA073CC007C6CFF /* ControllerOfList.swift */; };
		57010A1B1CA073CC007C6CFF /* ControllerOfList.swift in Sources */ = {isa = PBXBuildFile; fileRef = 57010A181CA073CC007C6CFF /* ControllerOfList.swift */; };
		57010A1D1CA073DB007C6CFF /* ControllerOfMap.swift in Sources */ = {isa = PBXBuildFile; fileRef = 57010A1C1CA073DB007C6CFF /* ControllerOfMap.swift */; };
		57010A1E1CA073DB007C6CFF /* ControllerOfMap.swift in Sources */ = {isa = PBXBuildFile; fileRef = 57010A1C1CA073DB007C6CFF /* ControllerOfMap.swift */; };
		57010A1F1CA073DB007C6CFF /* ControllerOfMap.swift in Sources */ = {isa = PBXBuildFile; fileRef = 57010A1C1CA073DB007C6CFF /* ControllerOfMap.swift */; };
		57010A211CA07850007C6CFF /* ControllerOfPages.swift in Sources */ = {isa = PBXBuildFile; fileRef = 57010A201CA07850007C6CFF /* ControllerOfPages.swift */; };
		57010A221CA07850007C6CFF /* ControllerOfPages.swift in Sources */ = {isa = PBXBuildFile; fileRef = 57010A201CA07850007C6CFF /* ControllerOfPages.swift */; };
		57010A231CA07850007C6CFF /* ControllerOfPages.swift in Sources */ = {isa = PBXBuildFile; fileRef = 57010A201CA07850007C6CFF /* ControllerOfPages.swift */; };
		57010A251CA088D7007C6CFF /* Data.swift in Sources */ = {isa = PBXBuildFile; fileRef = 57010A241CA088D7007C6CFF /* Data.swift */; };
		57010A261CA088D7007C6CFF /* Data.swift in Sources */ = {isa = PBXBuildFile; fileRef = 57010A241CA088D7007C6CFF /* Data.swift */; };
		57010A271CA088D7007C6CFF /* Data.swift in Sources */ = {isa = PBXBuildFile; fileRef = 57010A241CA088D7007C6CFF /* Data.swift */; };
		57010A291CA0D4F6007C6CFF /* Source.swift in Sources */ = {isa = PBXBuildFile; fileRef = 57010A281CA0D4F6007C6CFF /* Source.swift */; };
		57010A2A1CA0D4F6007C6CFF /* Source.swift in Sources */ = {isa = PBXBuildFile; fileRef = 57010A281CA0D4F6007C6CFF /* Source.swift */; };
		57010A2B1CA0D4F6007C6CFF /* Source.swift in Sources */ = {isa = PBXBuildFile; fileRef = 57010A281CA0D4F6007C6CFF /* Source.swift */; };
		57010A2D1CA0E2E3007C6CFF /* Podfile in Resources */ = {isa = PBXBuildFile; fileRef = 57010A2C1CA0E2E3007C6CFF /* Podfile */; };
		57010A2E1CA0E2E3007C6CFF /* Podfile in Resources */ = {isa = PBXBuildFile; fileRef = 57010A2C1CA0E2E3007C6CFF /* Podfile */; };
		57010A2F1CA0E2E3007C6CFF /* Podfile in Resources */ = {isa = PBXBuildFile; fileRef = 57010A2C1CA0E2E3007C6CFF /* Podfile */; };
		57523B1B1CA57C8C00B717BA /* ControllerOfSettings.swift in Sources */ = {isa = PBXBuildFile; fileRef = 57523B1A1CA57C8C00B717BA /* ControllerOfSettings.swift */; };
		57523B1D1CA57CD000B717BA /* GenericControllerOfSettings.swift in Sources */ = {isa = PBXBuildFile; fileRef = 57523B1C1CA57CD000B717BA /* GenericControllerOfSettings.swift */; };
		57523B1F1CA58ACC00B717BA /* GenericControllerOfPickerOfColor.swift in Sources */ = {isa = PBXBuildFile; fileRef = 57523B1E1CA58ACC00B717BA /* GenericControllerOfPickerOfColor.swift */; };
		57523B211CA58AFB00B717BA /* GenericControllerOfList.swift in Sources */ = {isa = PBXBuildFile; fileRef = 57523B201CA58AFB00B717BA /* GenericControllerOfList.swift */; };
		57523B231CA58D1900B717BA /* ControllerOfBackgroundTheme.swift in Sources */ = {isa = PBXBuildFile; fileRef = 57523B221CA58D1900B717BA /* ControllerOfBackgroundTheme.swift */; };
		57523B251CA595A500B717BA /* GenericControllerOfPickerOfFont.swift in Sources */ = {isa = PBXBuildFile; fileRef = 57523B241CA595A500B717BA /* GenericControllerOfPickerOfFont.swift */; };
		57B408B91CBC0FA100FCD6FA /* Utility.swift in Sources */ = {isa = PBXBuildFile; fileRef = 57B408B81CBC0FA100FCD6FA /* Utility.swift */; };
		57CA75411CA3ABCB00A51C43 /* ControllerOfWebView.swift in Sources */ = {isa = PBXBuildFile; fileRef = 57CA75401CA3ABCB00A51C43 /* ControllerOfWebView.swift */; };
		8FE9F31AF48D8BEF71FC6EFB /* Pods.framework in Frameworks */ = {isa = PBXBuildFile; fileRef = 93920AAC3FC4E9D139465942 /* Pods.framework */; };
/* End PBXBuildFile section */

/* Begin PBXContainerItemProxy section */
		570109FB1CA06682007C6CFF /* PBXContainerItemProxy */ = {
			isa = PBXContainerItemProxy;
			containerPortal = 570109DB1CA06682007C6CFF /* Project object */;
			proxyType = 1;
			remoteGlobalIDString = 570109E21CA06682007C6CFF;
			remoteInfo = productWikieHere;
		};
		57010A061CA06682007C6CFF /* PBXContainerItemProxy */ = {
			isa = PBXContainerItemProxy;
			containerPortal = 570109DB1CA06682007C6CFF /* Project object */;
			proxyType = 1;
			remoteGlobalIDString = 570109E21CA06682007C6CFF;
			remoteInfo = productWikieHere;
		};
/* End PBXContainerItemProxy section */

/* Begin PBXFileReference section */
		48ABA58AC5B921C5B5760C53 /* Pods.release.xcconfig */ = {isa = PBXFileReference; includeInIndex = 1; lastKnownFileType = text.xcconfig; name = Pods.release.xcconfig; path = "Pods/Target Support Files/Pods/Pods.release.xcconfig"; sourceTree = "<group>"; };
		570109E31CA06682007C6CFF /* Wiki Near Me.app */ = {isa = PBXFileReference; explicitFileType = wrapper.application; includeInIndex = 0; path = "Wiki Near Me.app"; sourceTree = BUILT_PRODUCTS_DIR; };
		570109E61CA06682007C6CFF /* AppDelegate.swift */ = {isa = PBXFileReference; lastKnownFileType = sourcecode.swift; path = AppDelegate.swift; sourceTree = "<group>"; };
		570109E81CA06682007C6CFF /* ViewController.swift */ = {isa = PBXFileReference; lastKnownFileType = sourcecode.swift; path = ViewController.swift; sourceTree = "<group>"; };
		570109EB1CA06682007C6CFF /* Base */ = {isa = PBXFileReference; lastKnownFileType = file.storyboard; name = Base; path = Base.lproj/Main.storyboard; sourceTree = "<group>"; };
		570109EE1CA06682007C6CFF /* productWikieHere.xcdatamodel */ = {isa = PBXFileReference; lastKnownFileType = wrapper.xcdatamodel; path = productWikieHere.xcdatamodel; sourceTree = "<group>"; };
		570109F01CA06682007C6CFF /* Assets.xcassets */ = {isa = PBXFileReference; lastKnownFileType = folder.assetcatalog; path = Assets.xcassets; sourceTree = "<group>"; };
		570109F31CA06682007C6CFF /* Base */ = {isa = PBXFileReference; lastKnownFileType = file.storyboard; name = Base; path = Base.lproj/LaunchScreen.storyboard; sourceTree = "<group>"; };
		570109F51CA06682007C6CFF /* Info.plist */ = {isa = PBXFileReference; lastKnownFileType = text.plist.xml; path = Info.plist; sourceTree = "<group>"; };
		570109FA1CA06682007C6CFF /* Wiki Near Me.xctest */ = {isa = PBXFileReference; explicitFileType = wrapper.cfbundle; includeInIndex = 0; path = "Wiki Near Me.xctest"; sourceTree = BUILT_PRODUCTS_DIR; };
		570109FE1CA06682007C6CFF /* productWikieHereTests.swift */ = {isa = PBXFileReference; lastKnownFileType = sourcecode.swift; path = productWikieHereTests.swift; sourceTree = "<group>"; };
		57010A001CA06682007C6CFF /* Info.plist */ = {isa = PBXFileReference; lastKnownFileType = text.plist.xml; path = Info.plist; sourceTree = "<group>"; };
		57010A051CA06682007C6CFF /* productWikieHereUITests.xctest */ = {isa = PBXFileReference; explicitFileType = wrapper.cfbundle; includeInIndex = 0; path = productWikieHereUITests.xctest; sourceTree = BUILT_PRODUCTS_DIR; };
		57010A091CA06682007C6CFF /* productWikieHereUITests.swift */ = {isa = PBXFileReference; lastKnownFileType = sourcecode.swift; path = productWikieHereUITests.swift; sourceTree = "<group>"; };
		57010A0B1CA06682007C6CFF /* Info.plist */ = {isa = PBXFileReference; lastKnownFileType = text.plist.xml; path = Info.plist; sourceTree = "<group>"; };
		57010A181CA073CC007C6CFF /* ControllerOfList.swift */ = {isa = PBXFileReference; fileEncoding = 4; lastKnownFileType = sourcecode.swift; path = ControllerOfList.swift; sourceTree = "<group>"; };
		57010A1C1CA073DB007C6CFF /* ControllerOfMap.swift */ = {isa = PBXFileReference; fileEncoding = 4; lastKnownFileType = sourcecode.swift; path = ControllerOfMap.swift; sourceTree = "<group>"; };
		57010A201CA07850007C6CFF /* ControllerOfPages.swift */ = {isa = PBXFileReference; fileEncoding = 4; lastKnownFileType = sourcecode.swift; path = ControllerOfPages.swift; sourceTree = "<group>"; };
		57010A241CA088D7007C6CFF /* Data.swift */ = {isa = PBXFileReference; fileEncoding = 4; lastKnownFileType = sourcecode.swift; path = Data.swift; sourceTree = "<group>"; };
		57010A281CA0D4F6007C6CFF /* Source.swift */ = {isa = PBXFileReference; fileEncoding = 4; lastKnownFileType = sourcecode.swift; path = Source.swift; sourceTree = "<group>"; };
		57010A2C1CA0E2E3007C6CFF /* Podfile */ = {isa = PBXFileReference; fileEncoding = 4; lastKnownFileType = text; path = Podfile; sourceTree = "<group>"; };
		57523B1A1CA57C8C00B717BA /* ControllerOfSettings.swift */ = {isa = PBXFileReference; fileEncoding = 4; lastKnownFileType = sourcecode.swift; path = ControllerOfSettings.swift; sourceTree = "<group>"; };
		57523B1C1CA57CD000B717BA /* GenericControllerOfSettings.swift */ = {isa = PBXFileReference; fileEncoding = 4; lastKnownFileType = sourcecode.swift; path = GenericControllerOfSettings.swift; sourceTree = "<group>"; };
		57523B1E1CA58ACC00B717BA /* GenericControllerOfPickerOfColor.swift */ = {isa = PBXFileReference; fileEncoding = 4; lastKnownFileType = sourcecode.swift; path = GenericControllerOfPickerOfColor.swift; sourceTree = "<group>"; };
		57523B201CA58AFB00B717BA /* GenericControllerOfList.swift */ = {isa = PBXFileReference; fileEncoding = 4; lastKnownFileType = sourcecode.swift; path = GenericControllerOfList.swift; sourceTree = "<group>"; };
		57523B221CA58D1900B717BA /* ControllerOfBackgroundTheme.swift */ = {isa = PBXFileReference; fileEncoding = 4; lastKnownFileType = sourcecode.swift; path = ControllerOfBackgroundTheme.swift; sourceTree = "<group>"; };
		57523B241CA595A500B717BA /* GenericControllerOfPickerOfFont.swift */ = {isa = PBXFileReference; fileEncoding = 4; lastKnownFileType = sourcecode.swift; path = GenericControllerOfPickerOfFont.swift; sourceTree = "<group>"; };
		57B408B81CBC0FA100FCD6FA /* Utility.swift */ = {isa = PBXFileReference; fileEncoding = 4; lastKnownFileType = sourcecode.swift; name = Utility.swift; path = ../../TGFSwift/Utility.swift; sourceTree = "<group>"; };
		57CA75401CA3ABCB00A51C43 /* ControllerOfWebView.swift */ = {isa = PBXFileReference; fileEncoding = 4; lastKnownFileType = sourcecode.swift; path = ControllerOfWebView.swift; sourceTree = "<group>"; };
		93920AAC3FC4E9D139465942 /* Pods.framework */ = {isa = PBXFileReference; explicitFileType = wrapper.framework; includeInIndex = 0; path = Pods.framework; sourceTree = BUILT_PRODUCTS_DIR; };
		B66852DB93AB40057F3879D8 /* Pods.debug.xcconfig */ = {isa = PBXFileReference; includeInIndex = 1; lastKnownFileType = text.xcconfig; name = Pods.debug.xcconfig; path = "Pods/Target Support Files/Pods/Pods.debug.xcconfig"; sourceTree = "<group>"; };
/* End PBXFileReference section */

/* Begin PBXFrameworksBuildPhase section */
		570109E01CA06682007C6CFF /* Frameworks */ = {
			isa = PBXFrameworksBuildPhase;
			buildActionMask = 2147483647;
			files = (
				8FE9F31AF48D8BEF71FC6EFB /* Pods.framework in Frameworks */,
			);
			runOnlyForDeploymentPostprocessing = 0;
		};
		570109F71CA06682007C6CFF /* Frameworks */ = {
			isa = PBXFrameworksBuildPhase;
			buildActionMask = 2147483647;
			files = (
			);
			runOnlyForDeploymentPostprocessing = 0;
		};
		57010A021CA06682007C6CFF /* Frameworks */ = {
			isa = PBXFrameworksBuildPhase;
			buildActionMask = 2147483647;
			files = (
			);
			runOnlyForDeploymentPostprocessing = 0;
		};
/* End PBXFrameworksBuildPhase section */

/* Begin PBXGroup section */
		1792847D680AB7A8BE170D0C /* Pods */ = {
			isa = PBXGroup;
			children = (
				B66852DB93AB40057F3879D8 /* Pods.debug.xcconfig */,
				48ABA58AC5B921C5B5760C53 /* Pods.release.xcconfig */,
			);
			name = Pods;
			sourceTree = "<group>";
		};
		570109DA1CA06682007C6CFF = {
			isa = PBXGroup;
			children = (
				57010A2C1CA0E2E3007C6CFF /* Podfile */,
				570109E51CA06682007C6CFF /* productWikieHere */,
				570109FD1CA06682007C6CFF /* productWikieHereTests */,
				57010A081CA06682007C6CFF /* productWikieHereUITests */,
				570109E41CA06682007C6CFF /* Products */,
				1792847D680AB7A8BE170D0C /* Pods */,
				876937EAEE4C817BA50FADD2 /* Frameworks */,
			);
			sourceTree = "<group>";
		};
		570109E41CA06682007C6CFF /* Products */ = {
			isa = PBXGroup;
			children = (
				570109E31CA06682007C6CFF /* Wiki Near Me.app */,
				570109FA1CA06682007C6CFF /* Wiki Near Me.xctest */,
				57010A051CA06682007C6CFF /* productWikieHereUITests.xctest */,
			);
			name = Products;
			sourceTree = "<group>";
		};
		570109E51CA06682007C6CFF /* productWikieHere */ = {
			isa = PBXGroup;
			children = (
				570109F51CA06682007C6CFF /* Info.plist */,
				570109E61CA06682007C6CFF /* AppDelegate.swift */,
				57523B221CA58D1900B717BA /* ControllerOfBackgroundTheme.swift */,
				57010A181CA073CC007C6CFF /* ControllerOfList.swift */,
				57010A1C1CA073DB007C6CFF /* ControllerOfMap.swift */,
				57010A201CA07850007C6CFF /* ControllerOfPages.swift */,
				57523B1A1CA57C8C00B717BA /* ControllerOfSettings.swift */,
				57CA75401CA3ABCB00A51C43 /* ControllerOfWebView.swift */,
				57010A241CA088D7007C6CFF /* Data.swift */,
				57523B201CA58AFB00B717BA /* GenericControllerOfList.swift */,
				57523B1E1CA58ACC00B717BA /* GenericControllerOfPickerOfColor.swift */,
				57523B241CA595A500B717BA /* GenericControllerOfPickerOfFont.swift */,
				57523B1C1CA57CD000B717BA /* GenericControllerOfSettings.swift */,
				57010A281CA0D4F6007C6CFF /* Source.swift */,
				570109E81CA06682007C6CFF /* ViewController.swift */,
				570109F01CA06682007C6CFF /* Assets.xcassets */,
				570109F21CA06682007C6CFF /* LaunchScreen.storyboard */,
				570109EA1CA06682007C6CFF /* Main.storyboard */,
				570109ED1CA06682007C6CFF /* productWikieHere.xcdatamodeld */,
				57B408B71CBC0F8E00FCD6FA /* TGFSwift */,
			);
			path = productWikieHere;
			sourceTree = "<group>";
		};
		570109FD1CA06682007C6CFF /* productWikieHereTests */ = {
			isa = PBXGroup;
			children = (
				570109FE1CA06682007C6CFF /* productWikieHereTests.swift */,
				57010A001CA06682007C6CFF /* Info.plist */,
			);
			path = productWikieHereTests;
			sourceTree = "<group>";
		};
		57010A081CA06682007C6CFF /* productWikieHereUITests */ = {
			isa = PBXGroup;
			children = (
				57010A091CA06682007C6CFF /* productWikieHereUITests.swift */,
				57010A0B1CA06682007C6CFF /* Info.plist */,
			);
			path = productWikieHereUITests;
			sourceTree = "<group>";
		};
		57B408B71CBC0F8E00FCD6FA /* TGFSwift */ = {
			isa = PBXGroup;
			children = (
				57B408B81CBC0FA100FCD6FA /* Utility.swift */,
			);
			name = TGFSwift;
			sourceTree = "<group>";
		};
		876937EAEE4C817BA50FADD2 /* Frameworks */ = {
			isa = PBXGroup;
			children = (
				93920AAC3FC4E9D139465942 /* Pods.framework */,
			);
			name = Frameworks;
			sourceTree = "<group>";
		};
/* End PBXGroup section */

/* Begin PBXNativeTarget section */
		570109E21CA06682007C6CFF /* productWikieHere */ = {
			isa = PBXNativeTarget;
			buildConfigurationList = 57010A0E1CA06682007C6CFF /* Build configuration list for PBXNativeTarget "productWikieHere" */;
			buildPhases = (
				A340198437341CCD948B816B /* Check Pods Manifest.lock */,
				570109DF1CA06682007C6CFF /* Sources */,
				570109E01CA06682007C6CFF /* Frameworks */,
				570109E11CA06682007C6CFF /* Resources */,
				AA995A1D2836A72A828AAAC5 /* Embed Pods Frameworks */,
				5CD75773ADEC076F31E96369 /* Copy Pods Resources */,
			);
			buildRules = (
			);
			dependencies = (
			);
			name = productWikieHere;
			productName = productWikieHere;
			productReference = 570109E31CA06682007C6CFF /* Wiki Near Me.app */;
			productType = "com.apple.product-type.application";
		};
		570109F91CA06682007C6CFF /* productWikieHereTests */ = {
			isa = PBXNativeTarget;
			buildConfigurationList = 57010A111CA06682007C6CFF /* Build configuration list for PBXNativeTarget "productWikieHereTests" */;
			buildPhases = (
				570109F61CA06682007C6CFF /* Sources */,
				570109F71CA06682007C6CFF /* Frameworks */,
				570109F81CA06682007C6CFF /* Resources */,
			);
			buildRules = (
			);
			dependencies = (
				570109FC1CA06682007C6CFF /* PBXTargetDependency */,
			);
			name = productWikieHereTests;
			productName = productWikieHereTests;
			productReference = 570109FA1CA06682007C6CFF /* Wiki Near Me.xctest */;
			productType = "com.apple.product-type.bundle.unit-test";
		};
		57010A041CA06682007C6CFF /* productWikieHereUITests */ = {
			isa = PBXNativeTarget;
			buildConfigurationList = 57010A141CA06682007C6CFF /* Build configuration list for PBXNativeTarget "productWikieHereUITests" */;
			buildPhases = (
				57010A011CA06682007C6CFF /* Sources */,
				57010A021CA06682007C6CFF /* Frameworks */,
				57010A031CA06682007C6CFF /* Resources */,
			);
			buildRules = (
			);
			dependencies = (
				57010A071CA06682007C6CFF /* PBXTargetDependency */,
			);
			name = productWikieHereUITests;
			productName = productWikieHereUITests;
			productReference = 57010A051CA06682007C6CFF /* productWikieHereUITests.xctest */;
			productType = "com.apple.product-type.bundle.ui-testing";
		};
/* End PBXNativeTarget section */

/* Begin PBXProject section */
		570109DB1CA06682007C6CFF /* Project object */ = {
			isa = PBXProject;
			attributes = {
				LastUpgradeCheck = 0700;
				ORGANIZATIONNAME = "Tiny Game Factory LLC";
				TargetAttributes = {
					570109E21CA06682007C6CFF = {
						CreatedOnToolsVersion = 7.0;
						DevelopmentTeam = 8TB38A6T85;
					};
					570109F91CA06682007C6CFF = {
						CreatedOnToolsVersion = 7.0;
						TestTargetID = 570109E21CA06682007C6CFF;
					};
					57010A041CA06682007C6CFF = {
						CreatedOnToolsVersion = 7.0;
						TestTargetID = 570109E21CA06682007C6CFF;
					};
				};
			};
			buildConfigurationList = 570109DE1CA06682007C6CFF /* Build configuration list for PBXProject "productWikieHere" */;
			compatibilityVersion = "Xcode 3.2";
			developmentRegion = English;
			hasScannedForEncodings = 0;
			knownRegions = (
				en,
				Base,
			);
			mainGroup = 570109DA1CA06682007C6CFF;
			productRefGroup = 570109E41CA06682007C6CFF /* Products */;
			projectDirPath = "";
			projectRoot = "";
			targets = (
				570109E21CA06682007C6CFF /* productWikieHere */,
				570109F91CA06682007C6CFF /* productWikieHereTests */,
				57010A041CA06682007C6CFF /* productWikieHereUITests */,
			);
		};
/* End PBXProject section */

/* Begin PBXResourcesBuildPhase section */
		570109E11CA06682007C6CFF /* Resources */ = {
			isa = PBXResourcesBuildPhase;
			buildActionMask = 2147483647;
			files = (
				570109F41CA06682007C6CFF /* LaunchScreen.storyboard in Resources */,
				570109F11CA06682007C6CFF /* Assets.xcassets in Resources */,
				57010A2D1CA0E2E3007C6CFF /* Podfile in Resources */,
				570109EC1CA06682007C6CFF /* Main.storyboard in Resources */,
			);
			runOnlyForDeploymentPostprocessing = 0;
		};
		570109F81CA06682007C6CFF /* Resources */ = {
			isa = PBXResourcesBuildPhase;
			buildActionMask = 2147483647;
			files = (
				57010A2E1CA0E2E3007C6CFF /* Podfile in Resources */,
			);
			runOnlyForDeploymentPostprocessing = 0;
		};
		57010A031CA06682007C6CFF /* Resources */ = {
			isa = PBXResourcesBuildPhase;
			buildActionMask = 2147483647;
			files = (
				57010A2F1CA0E2E3007C6CFF /* Podfile in Resources */,
			);
			runOnlyForDeploymentPostprocessing = 0;
		};
/* End PBXResourcesBuildPhase section */

/* Begin PBXShellScriptBuildPhase section */
		5CD75773ADEC076F31E96369 /* Copy Pods Resources */ = {
			isa = PBXShellScriptBuildPhase;
			buildActionMask = 2147483647;
			files = (
			);
			inputPaths = (
			);
			name = "Copy Pods Resources";
			outputPaths = (
			);
			runOnlyForDeploymentPostprocessing = 0;
			shellPath = /bin/sh;
			shellScript = "\"${SRCROOT}/Pods/Target Support Files/Pods/Pods-resources.sh\"\n";
			showEnvVarsInLog = 0;
		};
		A340198437341CCD948B816B /* Check Pods Manifest.lock */ = {
			isa = PBXShellScriptBuildPhase;
			buildActionMask = 2147483647;
			files = (
			);
			inputPaths = (
			);
			name = "Check Pods Manifest.lock";
			outputPaths = (
			);
			runOnlyForDeploymentPostprocessing = 0;
			shellPath = /bin/sh;
			shellScript = "diff \"${PODS_ROOT}/../Podfile.lock\" \"${PODS_ROOT}/Manifest.lock\" > /dev/null\nif [[ $? != 0 ]] ; then\n    cat << EOM\nerror: The sandbox is not in sync with the Podfile.lock. Run 'pod install' or update your CocoaPods installation.\nEOM\n    exit 1\nfi\n";
			showEnvVarsInLog = 0;
		};
		AA995A1D2836A72A828AAAC5 /* Embed Pods Frameworks */ = {
			isa = PBXShellScriptBuildPhase;
			buildActionMask = 2147483647;
			files = (
			);
			inputPaths = (
			);
			name = "Embed Pods Frameworks";
			outputPaths = (
			);
			runOnlyForDeploymentPostprocessing = 0;
			shellPath = /bin/sh;
			shellScript = "\"${SRCROOT}/Pods/Target Support Files/Pods/Pods-frameworks.sh\"\n";
			showEnvVarsInLog = 0;
		};
/* End PBXShellScriptBuildPhase section */

/* Begin PBXSourcesBuildPhase section */
		570109DF1CA06682007C6CFF /* Sources */ = {
			isa = PBXSourcesBuildPhase;
			buildActionMask = 2147483647;
			files = (
				57523B1B1CA57C8C00B717BA /* ControllerOfSettings.swift in Sources */,
				57CA75411CA3ABCB00A51C43 /* ControllerOfWebView.swift in Sources */,
				57010A291CA0D4F6007C6CFF /* Source.swift in Sources */,
				57010A251CA088D7007C6CFF /* Data.swift in Sources */,
				57523B1F1CA58ACC00B717BA /* GenericControllerOfPickerOfColor.swift in Sources */,
				57523B1D1CA57CD000B717BA /* GenericControllerOfSettings.swift in Sources */,
				570109EF1CA06682007C6CFF /* productWikieHere.xcdatamodeld in Sources */,
				57010A1D1CA073DB007C6CFF /* ControllerOfMap.swift in Sources */,
				57523B251CA595A500B717BA /* GenericControllerOfPickerOfFont.swift in Sources */,
				570109E91CA06682007C6CFF /* ViewController.swift in Sources */,
				57523B231CA58D1900B717BA /* ControllerOfBackgroundTheme.swift in Sources */,
				57523B211CA58AFB00B717BA /* GenericControllerOfList.swift in Sources */,
				57B408B91CBC0FA100FCD6FA /* Utility.swift in Sources */,
				57010A191CA073CC007C6CFF /* ControllerOfList.swift in Sources */,
				570109E71CA06682007C6CFF /* AppDelegate.swift in Sources */,
				57010A211CA07850007C6CFF /* ControllerOfPages.swift in Sources */,
			);
			runOnlyForDeploymentPostprocessing = 0;
		};
		570109F61CA06682007C6CFF /* Sources */ = {
			isa = PBXSourcesBuildPhase;
			buildActionMask = 2147483647;
			files = (
				57010A1A1CA073CC007C6CFF /* ControllerOfList.swift in Sources */,
				57010A261CA088D7007C6CFF /* Data.swift in Sources */,
				57010A2A1CA0D4F6007C6CFF /* Source.swift in Sources */,
				570109FF1CA06682007C6CFF /* productWikieHereTests.swift in Sources */,
				57010A1E1CA073DB007C6CFF /* ControllerOfMap.swift in Sources */,
				57010A221CA07850007C6CFF /* ControllerOfPages.swift in Sources */,
			);
			runOnlyForDeploymentPostprocessing = 0;
		};
		57010A011CA06682007C6CFF /* Sources */ = {
			isa = PBXSourcesBuildPhase;
			buildActionMask = 2147483647;
			files = (
				57010A1B1CA073CC007C6CFF /* ControllerOfList.swift in Sources */,
				57010A271CA088D7007C6CFF /* Data.swift in Sources */,
				57010A2B1CA0D4F6007C6CFF /* Source.swift in Sources */,
				57010A0A1CA06682007C6CFF /* productWikieHereUITests.swift in Sources */,
				57010A1F1CA073DB007C6CFF /* ControllerOfMap.swift in Sources */,
				57010A231CA07850007C6CFF /* ControllerOfPages.swift in Sources */,
			);
			runOnlyForDeploymentPostprocessing = 0;
		};
/* End PBXSourcesBuildPhase section */

/* Begin PBXTargetDependency section */
		570109FC1CA06682007C6CFF /* PBXTargetDependency */ = {
			isa = PBXTargetDependency;
			target = 570109E21CA06682007C6CFF /* productWikieHere */;
			targetProxy = 570109FB1CA06682007C6CFF /* PBXContainerItemProxy */;
		};
		57010A071CA06682007C6CFF /* PBXTargetDependency */ = {
			isa = PBXTargetDependency;
			target = 570109E21CA06682007C6CFF /* productWikieHere */;
			targetProxy = 57010A061CA06682007C6CFF /* PBXContainerItemProxy */;
		};
/* End PBXTargetDependency section */

/* Begin PBXVariantGroup section */
		570109EA1CA06682007C6CFF /* Main.storyboard */ = {
			isa = PBXVariantGroup;
			children = (
				570109EB1CA06682007C6CFF /* Base */,
			);
			name = Main.storyboard;
			sourceTree = "<group>";
		};
		570109F21CA06682007C6CFF /* LaunchScreen.storyboard */ = {
			isa = PBXVariantGroup;
			children = (
				570109F31CA06682007C6CFF /* Base */,
			);
			name = LaunchScreen.storyboard;
			sourceTree = "<group>";
		};
/* End PBXVariantGroup section */

/* Begin XCBuildConfiguration section */
		57010A0C1CA06682007C6CFF /* Debug */ = {
			isa = XCBuildConfiguration;
			buildSettings = {
				ALWAYS_SEARCH_USER_PATHS = NO;
				CLANG_CXX_LANGUAGE_STANDARD = "gnu++0x";
				CLANG_CXX_LIBRARY = "libc++";
				CLANG_ENABLE_MODULES = YES;
				CLANG_ENABLE_OBJC_ARC = YES;
				CLANG_WARN_BOOL_CONVERSION = YES;
				CLANG_WARN_CONSTANT_CONVERSION = YES;
				CLANG_WARN_DIRECT_OBJC_ISA_USAGE = YES_ERROR;
				CLANG_WARN_EMPTY_BODY = YES;
				CLANG_WARN_ENUM_CONVERSION = YES;
				CLANG_WARN_INT_CONVERSION = YES;
				CLANG_WARN_OBJC_ROOT_CLASS = YES_ERROR;
				CLANG_WARN_UNREACHABLE_CODE = YES;
				CLANG_WARN__DUPLICATE_METHOD_MATCH = YES;
				"CODE_SIGN_IDENTITY[sdk=iphoneos*]" = "iPhone Developer";
				COPY_PHASE_STRIP = NO;
				DEBUG_INFORMATION_FORMAT = dwarf;
				ENABLE_STRICT_OBJC_MSGSEND = YES;
				ENABLE_TESTABILITY = YES;
				GCC_C_LANGUAGE_STANDARD = gnu99;
				GCC_DYNAMIC_NO_PIC = NO;
				GCC_NO_COMMON_BLOCKS = YES;
				GCC_OPTIMIZATION_LEVEL = 0;
				GCC_PREPROCESSOR_DEFINITIONS = (
					"DEBUG=1",
					"$(inherited)",
				);
				GCC_WARN_64_TO_32_BIT_CONVERSION = YES;
				GCC_WARN_ABOUT_RETURN_TYPE = YES_ERROR;
				GCC_WARN_UNDECLARED_SELECTOR = YES;
				GCC_WARN_UNINITIALIZED_AUTOS = YES_AGGRESSIVE;
				GCC_WARN_UNUSED_FUNCTION = YES;
				GCC_WARN_UNUSED_VARIABLE = YES;
				IPHONEOS_DEPLOYMENT_TARGET = 9.0;
				MTL_ENABLE_DEBUG_INFO = YES;
				ONLY_ACTIVE_ARCH = YES;
				SDKROOT = iphoneos;
				SWIFT_OPTIMIZATION_LEVEL = "-Onone";
			};
			name = Debug;
		};
		57010A0D1CA06682007C6CFF /* Release */ = {
			isa = XCBuildConfiguration;
			buildSettings = {
				ALWAYS_SEARCH_USER_PATHS = NO;
				CLANG_CXX_LANGUAGE_STANDARD = "gnu++0x";
				CLANG_CXX_LIBRARY = "libc++";
				CLANG_ENABLE_MODULES = YES;
				CLANG_ENABLE_OBJC_ARC = YES;
				CLANG_WARN_BOOL_CONVERSION = YES;
				CLANG_WARN_CONSTANT_CONVERSION = YES;
				CLANG_WARN_DIRECT_OBJC_ISA_USAGE = YES_ERROR;
				CLANG_WARN_EMPTY_BODY = YES;
				CLANG_WARN_ENUM_CONVERSION = YES;
				CLANG_WARN_INT_CONVERSION = YES;
				CLANG_WARN_OBJC_ROOT_CLASS = YES_ERROR;
				CLANG_WARN_UNREACHABLE_CODE = YES;
				CLANG_WARN__DUPLICATE_METHOD_MATCH = YES;
				"CODE_SIGN_IDENTITY[sdk=iphoneos*]" = "iPhone Developer";
				COPY_PHASE_STRIP = NO;
				DEBUG_INFORMATION_FORMAT = "dwarf-with-dsym";
				ENABLE_NS_ASSERTIONS = NO;
				ENABLE_STRICT_OBJC_MSGSEND = YES;
				GCC_C_LANGUAGE_STANDARD = gnu99;
				GCC_NO_COMMON_BLOCKS = YES;
				GCC_WARN_64_TO_32_BIT_CONVERSION = YES;
				GCC_WARN_ABOUT_RETURN_TYPE = YES_ERROR;
				GCC_WARN_UNDECLARED_SELECTOR = YES;
				GCC_WARN_UNINITIALIZED_AUTOS = YES_AGGRESSIVE;
				GCC_WARN_UNUSED_FUNCTION = YES;
				GCC_WARN_UNUSED_VARIABLE = YES;
				IPHONEOS_DEPLOYMENT_TARGET = 9.0;
				MTL_ENABLE_DEBUG_INFO = NO;
				SDKROOT = iphoneos;
				VALIDATE_PRODUCT = YES;
			};
			name = Release;
		};
		57010A0F1CA06682007C6CFF /* Debug */ = {
			isa = XCBuildConfiguration;
			baseConfigurationReference = B66852DB93AB40057F3879D8 /* Pods.debug.xcconfig */;
			buildSettings = {
				ASSETCATALOG_COMPILER_APPICON_NAME = AppIcon;
				ASSETCATALOG_COMPILER_LAUNCHIMAGE_NAME = LaunchImage;
				CODE_SIGN_IDENTITY = "iPhone Developer";
				INFOPLIST_FILE = productWikieHere/Info.plist;
				IPHONEOS_DEPLOYMENT_TARGET = 9.0;
				LD_RUNPATH_SEARCH_PATHS = "$(inherited) @executable_path/Frameworks";
				PRODUCT_BUNDLE_IDENTIFIER = com.tinygamefactory.wikinear;
				PRODUCT_NAME = "Wiki Near Me";
			};
			name = Debug;
		};
		57010A101CA06682007C6CFF /* Release */ = {
			isa = XCBuildConfiguration;
			baseConfigurationReference = 48ABA58AC5B921C5B5760C53 /* Pods.release.xcconfig */;
			buildSettings = {
				ASSETCATALOG_COMPILER_APPICON_NAME = AppIcon;
				ASSETCATALOG_COMPILER_LAUNCHIMAGE_NAME = LaunchImage;
				CODE_SIGN_IDENTITY = "iPhone Developer";
				INFOPLIST_FILE = productWikieHere/Info.plist;
				IPHONEOS_DEPLOYMENT_TARGET = 9.0;
				LD_RUNPATH_SEARCH_PATHS = "$(inherited) @executable_path/Frameworks";
				PRODUCT_BUNDLE_IDENTIFIER = com.tinygamefactory.wikinear;
				PRODUCT_NAME = "Wiki Near Me";
			};
			name = Release;
		};
		57010A121CA06682007C6CFF /* Debug */ = {
			isa = XCBuildConfiguration;
			buildSettings = {
				BUNDLE_LOADER = "$(TEST_HOST)";
				INFOPLIST_FILE = productWikieHereTests/Info.plist;
				LD_RUNPATH_SEARCH_PATHS = "$(inherited) @executable_path/Frameworks @loader_path/Frameworks";
				PRODUCT_BUNDLE_IDENTIFIER = com.tinygamefactory.productWikieHereTests;
				PRODUCT_NAME = "Wiki Near Me";
				TEST_HOST = "$(BUILT_PRODUCTS_DIR)/productWikieHere.app/productWikieHere";
			};
			name = Debug;
		};
		57010A131CA06682007C6CFF /* Release */ = {
			isa = XCBuildConfiguration;
			buildSettings = {
				BUNDLE_LOADER = "$(TEST_HOST)";
				INFOPLIST_FILE = productWikieHereTests/Info.plist;
				LD_RUNPATH_SEARCH_PATHS = "$(inherited) @executable_path/Frameworks @loader_path/Frameworks";
				PRODUCT_BUNDLE_IDENTIFIER = com.tinygamefactory.productWikieHereTests;
				PRODUCT_NAME = "Wiki Near Me";
				TEST_HOST = "$(BUILT_PRODUCTS_DIR)/productWikieHere.app/productWikieHere";
			};
			name = Release;
		};
		57010A151CA06682007C6CFF /* Debug */ = {
			isa = XCBuildConfiguration;
			buildSettings = {
				INFOPLIST_FILE = productWikieHereUITests/Info.plist;
				LD_RUNPATH_SEARCH_PATHS = "$(inherited) @executable_path/Frameworks @loader_path/Frameworks";
				PRODUCT_BUNDLE_IDENTIFIER = com.tinygamefactory.productWikieHereUITests;
				PRODUCT_NAME = "$(TARGET_NAME)";
				TEST_TARGET_NAME = productWikieHere;
				USES_XCTRUNNER = YES;
			};
			name = Debug;
		};
		57010A161CA06682007C6CFF /* Release */ = {
			isa = XCBuildConfiguration;
			buildSettings = {
				INFOPLIST_FILE = productWikieHereUITests/Info.plist;
				LD_RUNPATH_SEARCH_PATHS = "$(inherited) @executable_path/Frameworks @loader_path/Frameworks";
				PRODUCT_BUNDLE_IDENTIFIER = com.tinygamefactory.productWikieHereUITests;
				PRODUCT_NAME = "$(TARGET_NAME)";
				TEST_TARGET_NAME = productWikieHere;
				USES_XCTRUNNER = YES;
			};
			name = Release;
		};
/* End XCBuildConfiguration section */

/* Begin XCConfigurationList section */
		570109DE1CA06682007C6CFF /* Build configuration list for PBXProject "productWikieHere" */ = {
			isa = XCConfigurationList;
			buildConfigurations = (
				57010A0C1CA06682007C6CFF /* Debug */,
				57010A0D1CA06682007C6CFF /* Release */,
			);
			defaultConfigurationIsVisible = 0;
			defaultConfigurationName = Release;
		};
		57010A0E1CA06682007C6CFF /* Build configuration list for PBXNativeTarget "productWikieHere" */ = {
			isa = XCConfigurationList;
			buildConfigurations = (
				57010A0F1CA06682007C6CFF /* Debug */,
				57010A101CA06682007C6CFF /* Release */,
			);
			defaultConfigurationIsVisible = 0;
			defaultConfigurationName = Release;
		};
		57010A111CA06682007C6CFF /* Build configuration list for PBXNativeTarget "productWikieHereTests" */ = {
			isa = XCConfigurationList;
			buildConfigurations = (
				57010A121CA06682007C6CFF /* Debug */,
				57010A131CA06682007C6CFF /* Release */,
			);
			defaultConfigurationIsVisible = 0;
			defaultConfigurationName = Release;
		};
		57010A141CA06682007C6CFF /* Build configuration list for PBXNativeTarget "productWikieHereUITests" */ = {
			isa = XCConfigurationList;
			buildConfigurations = (
				57010A151CA06682007C6CFF /* Debug */,
				57010A161CA06682007C6CFF /* Release */,
			);
			defaultConfigurationIsVisible = 0;
			defaultConfigurationName = Release;
		};
/* End XCConfigurationList section */

/* Begin XCVersionGroup section */
		570109ED1CA06682007C6CFF /* productWikieHere.xcdatamodeld */ = {
			isa = XCVersionGroup;
			children = (
				570109EE1CA06682007C6CFF /* productWikieHere.xcdatamodel */,
			);
			currentVersion = 570109EE1CA06682007C6CFF /* productWikieHere.xcdatamodel */;
			path = productWikieHere.xcdatamodeld;
			sourceTree = "<group>";
			versionGroupType = wrapper.xcdatamodel;
		};
/* End XCVersionGroup section */
	};
	rootObject = 570109DB1CA06682007C6CFF /* Project object */;
}
